
Microsoft Visual Studio Solution File, Format Version 12.00
# Visual Studio Version 17
VisualStudioVersion = 17.1.32210.238
MinimumVisualStudioVersion = 10.0.40219.1
Project("{FAE04EC0-301F-11D3-BF4B-00C04F79EFBC}") = "CoinCounting-Api", "CoinCounting-Api\CoinCounting-Api.csproj", "{90558809-06A1-4CFF-9E70-EFF50E02745F}"
EndProject
Global
	GlobalSection(SolutionConfigurationPlatforms) = preSolution
		Debug|Any CPU = Debug|Any CPU
		Release|Any CPU = Release|Any CPU
	EndGlobalSection
	GlobalSection(ProjectConfigurationPlatforms) = postSolution
		{90558809-06A1-4CFF-9E70-EFF50E02745F}.Debug|Any CPU.ActiveCfg = Debug|Any CPU
		{90558809-06A1-4CFF-9E70-EFF50E02745F}.Debug|Any CPU.Build.0 = Debug|Any CPU
		{90558809-06A1-4CFF-9E70-EFF50E02745F}.Release|Any CPU.ActiveCfg = Release|Any CPU
		{90558809-06A1-4CFF-9E70-EFF50E02745F}.Release|Any CPU.Build.0 = Release|Any CPU
	EndGlobalSection
	GlobalSection(SolutionProperties) = preSolution
		HideSolutionNode = FALSE
	EndGlobalSection
	GlobalSection(ExtensibilityGlobals) = postSolution
		SolutionGuid = {D183BA3E-BEA9-403B-8B35-5EDE34E4DF5D}
	EndGlobalSection
EndGlobal
