
Microsoft Visual Studio Solution File, Format Version 12.00
# Visual Studio Version 17
VisualStudioVersion = 17.1.32210.238
MinimumVisualStudioVersion = 10.0.40219.1
Project("{9A19103F-16F7-4668-BE54-9A1E7A4F7556}") = "CoinCounting-Data", "CoinCounting-Data\CoinCounting-Data.csproj", "{1109303B-EF9A-4BC1-A5EA-DC9027A35EE2}"
EndProject
Project("{FAE04EC0-301F-11D3-BF4B-00C04F79EFBC}") = "CoinCounting-Api2", "CoinCounting-Api2\CoinCounting-Api2.csproj", "{3B11E368-09DB-49E1-8BC2-FBC54DF7EDAF}"
EndProject
Global
	GlobalSection(SolutionConfigurationPlatforms) = preSolution
		Debug|Any CPU = Debug|Any CPU
		Release|Any CPU = Release|Any CPU
	EndGlobalSection
	GlobalSection(ProjectConfigurationPlatforms) = postSolution
		{1109303B-EF9A-4BC1-A5EA-DC9027A35EE2}.Debug|Any CPU.ActiveCfg = Debug|Any CPU
		{1109303B-EF9A-4BC1-A5EA-DC9027A35EE2}.Debug|Any CPU.Build.0 = Debug|Any CPU
		{1109303B-EF9A-4BC1-A5EA-DC9027A35EE2}.Release|Any CPU.ActiveCfg = Release|Any CPU
		{1109303B-EF9A-4BC1-A5EA-DC9027A35EE2}.Release|Any CPU.Build.0 = Release|Any CPU
		{3B11E368-09DB-49E1-8BC2-FBC54DF7EDAF}.Debug|Any CPU.ActiveCfg = Debug|Any CPU
		{3B11E368-09DB-49E1-8BC2-FBC54DF7EDAF}.Debug|Any CPU.Build.0 = Debug|Any CPU
		{3B11E368-09DB-49E1-8BC2-FBC54DF7EDAF}.Release|Any CPU.ActiveCfg = Release|Any CPU
		{3B11E368-09DB-49E1-8BC2-FBC54DF7EDAF}.Release|Any CPU.Build.0 = Release|Any CPU
	EndGlobalSection
	GlobalSection(SolutionProperties) = preSolution
		HideSolutionNode = FALSE
	EndGlobalSection
	GlobalSection(ExtensibilityGlobals) = postSolution
		SolutionGuid = {D183BA3E-BEA9-403B-8B35-5EDE34E4DF5D}
	EndGlobalSection
EndGlobal
